
Microsoft Visual Studio Solution File, Format Version 12.00
# Visual Studio 15
VisualStudioVersion = 15.0.27703.2000
MinimumVisualStudioVersion = 10.0.40219.1
Project("{2150E333-8FDC-42A3-9474-1A3956D46DE8}") = "SimpleSorting", "SimpleSorting", "{2E2E75AB-AFF6-4FDB-B8BB-E2E9901934CB}"
EndProject
Project("{FAE04EC0-301F-11D3-BF4B-00C04F79EFBC}") = "BubbleSort", "BubbleSort\BubbleSort.csproj", "{5509F3EF-5A87-4E35-9802-6D725BFBC366}"
EndProject
Project("{FAE04EC0-301F-11D3-BF4B-00C04F79EFBC}") = "SelectionSort", "SelectionSort\SelectionSort.csproj", "{FB24EDEF-5759-4B4C-BFC7-6D7B140F1767}"
EndProject
Project("{FAE04EC0-301F-11D3-BF4B-00C04F79EFBC}") = "InsertionSort", "InsertionSort\InsertionSort.csproj", "{ED618DB6-197A-44B4-A9CA-129EF47F1EFD}"
EndProject
Project("{2150E333-8FDC-42A3-9474-1A3956D46DE8}") = "SimpleAlgos", "SimpleAlgos", "{81D22507-B458-4383-BF58-ADB2DE27644B}"
EndProject
Project("{FAE04EC0-301F-11D3-BF4B-00C04F79EFBC}") = "SimpleAlgos", "SimpleAlgos\SimpleAlgos.csproj", "{0A3D3791-E7F7-43BB-A462-4457AD18E25B}"
EndProject
Project("{2150E333-8FDC-42A3-9474-1A3956D46DE8}") = "Stacks and Queues", "Stacks and Queues", "{40EC4EDE-5117-44AB-9826-341E282CDE5F}"
EndProject
Project("{FAE04EC0-301F-11D3-BF4B-00C04F79EFBC}") = "Stack", "Stack\Stack.csproj", "{751EC08E-C020-4665-B5F6-F8C32802078E}"
EndProject
Project("{FAE04EC0-301F-11D3-BF4B-00C04F79EFBC}") = "Queue", "Queue\Queue.csproj", "{11F855E9-250B-4E9E-8161-B12915EE679B}"
EndProject
Project("{FAE04EC0-301F-11D3-BF4B-00C04F79EFBC}") = "PriorityQueue", "PriorityQueue\PriorityQueue.csproj", "{5569D2A5-648B-4FBF-85E9-FFCAB114902D}"
EndProject
Project("{2150E333-8FDC-42A3-9474-1A3956D46DE8}") = "LinkedList", "LinkedList", "{747330DC-DF6D-4F24-B83E-495FB2A0C244}"
EndProject
Project("{FAE04EC0-301F-11D3-BF4B-00C04F79EFBC}") = "SimpleLinkedList", "SimpleLinkedList\SimpleLinkedList.csproj", "{7E598644-1DB3-4C74-85ED-16D720086C97}"
EndProject
Project("{FAE04EC0-301F-11D3-BF4B-00C04F79EFBC}") = "DoubleEndedLinkedList", "DoubleEndedLinkedList\DoubleEndedLinkedList.csproj", "{AC9ACB7D-B52A-4FF6-B09D-BC0317A5050D}"
EndProject
Project("{9A19103F-16F7-4668-BE54-9A1E7A4F7556}") = "LinkedListStack", "LinkedListStack\LinkedListStack.csproj", "{6660A5CD-B7E9-4ECB-874D-145FD58860CD}"
EndProject
Project("{9A19103F-16F7-4668-BE54-9A1E7A4F7556}") = "LinkedListQueue", "LinkedListQueue\LinkedListQueue.csproj", "{42BA923F-3C6A-4A36-9E89-C5BAA9DE3021}"
EndProject
Project("{9A19103F-16F7-4668-BE54-9A1E7A4F7556}") = "SortedLinkedList", "SortedLinkedList\SortedLinkedList.csproj", "{F25A23AA-CEBD-493B-A4B9-FCEB4995E11E}"
EndProject
Project("{9A19103F-16F7-4668-BE54-9A1E7A4F7556}") = "DoublyLinkedList", "DoublyLinkedList\DoublyLinkedList.csproj", "{971E22F6-8D24-4D05-A928-8B114E626F03}"
EndProject
Project("{2150E333-8FDC-42A3-9474-1A3956D46DE8}") = "Recursion", "Recursion", "{A24D117C-5915-458F-B8AE-F787831741BD}"
EndProject
Project("{9A19103F-16F7-4668-BE54-9A1E7A4F7556}") = "TriangleAngle", "TriangleAngle\TriangleAngle.csproj", "{A07BB90C-E3AD-4FBD-B26E-AF1BC736563D}"
EndProject
Project("{FAE04EC0-301F-11D3-BF4B-00C04F79EFBC}") = "RecursiveBinarySearch", "RecursiveBinarySearch\RecursiveBinarySearch.csproj", "{64C164E6-7CC6-4F73-BB7B-68BC85824F7A}"
EndProject
Project("{FAE04EC0-301F-11D3-BF4B-00C04F79EFBC}") = "TowersOfHanoi", "TowersOfHanoi\TowersOfHanoi.csproj", "{2742999D-2F5F-41C6-B3D4-EA6C87FF2058}"
EndProject
Project("{FAE04EC0-301F-11D3-BF4B-00C04F79EFBC}") = "Anagrams", "Anagrams\Anagrams.csproj", "{25375561-DDB5-4406-9717-32E9C564FFD1}"
EndProject
Project("{FAE04EC0-301F-11D3-BF4B-00C04F79EFBC}") = "mergesort", "mergesort\mergesort.csproj", "{B75B8B63-5122-4B9A-A2BB-797251B8A734}"
EndProject
Project("{FAE04EC0-301F-11D3-BF4B-00C04F79EFBC}") = "StackAsRecursion", "StackAsRecursion\StackAsRecursion.csproj", "{C5B4C329-D974-4D40-B19A-81FE2D818AA5}"
EndProject
Project("{FAE04EC0-301F-11D3-BF4B-00C04F79EFBC}") = "PowerOfN", "PowerOfN\PowerOfN.csproj", "{5EDC26F5-6F0F-4FDA-A61D-26C66F7F93D7}"
EndProject
Project("{FAE04EC0-301F-11D3-BF4B-00C04F79EFBC}") = "Knapsack", "Knapsack\Knapsack.csproj", "{AD498095-38D5-4744-A252-BD9E45F386A1}"
EndProject
Project("{2150E333-8FDC-42A3-9474-1A3956D46DE8}") = "AdvancedSorting", "AdvancedSorting", "{F4B7D2CD-636B-42B0-B99E-89E5DB718248}"
EndProject
Project("{FAE04EC0-301F-11D3-BF4B-00C04F79EFBC}") = "ShellSort", "ShellSort\ShellSort.csproj", "{3E96CA08-CE24-4FB4-8F96-B7F005CC1E7C}"
EndProject
Project("{FAE04EC0-301F-11D3-BF4B-00C04F79EFBC}") = "Partitioned", "Partitioned\Partitioned.csproj", "{70F3DD60-984C-4F59-86BE-AC1AFECC5554}"
EndProject
Project("{FAE04EC0-301F-11D3-BF4B-00C04F79EFBC}") = "Quicksort", "Quicksort\Quicksort.csproj", "{F1E3EA2B-00E1-4AD9-9FD2-7D05BF37E8AF}"
EndProject
Global
	GlobalSection(SolutionConfigurationPlatforms) = preSolution
		Debug|Any CPU = Debug|Any CPU
		Release|Any CPU = Release|Any CPU
	EndGlobalSection
	GlobalSection(ProjectConfigurationPlatforms) = postSolution
		{5509F3EF-5A87-4E35-9802-6D725BFBC366}.Debug|Any CPU.ActiveCfg = Debug|Any CPU
		{5509F3EF-5A87-4E35-9802-6D725BFBC366}.Debug|Any CPU.Build.0 = Debug|Any CPU
		{5509F3EF-5A87-4E35-9802-6D725BFBC366}.Release|Any CPU.ActiveCfg = Release|Any CPU
		{5509F3EF-5A87-4E35-9802-6D725BFBC366}.Release|Any CPU.Build.0 = Release|Any CPU
		{FB24EDEF-5759-4B4C-BFC7-6D7B140F1767}.Debug|Any CPU.ActiveCfg = Debug|Any CPU
		{FB24EDEF-5759-4B4C-BFC7-6D7B140F1767}.Debug|Any CPU.Build.0 = Debug|Any CPU
		{FB24EDEF-5759-4B4C-BFC7-6D7B140F1767}.Release|Any CPU.ActiveCfg = Release|Any CPU
		{FB24EDEF-5759-4B4C-BFC7-6D7B140F1767}.Release|Any CPU.Build.0 = Release|Any CPU
		{ED618DB6-197A-44B4-A9CA-129EF47F1EFD}.Debug|Any CPU.ActiveCfg = Debug|Any CPU
		{ED618DB6-197A-44B4-A9CA-129EF47F1EFD}.Debug|Any CPU.Build.0 = Debug|Any CPU
		{ED618DB6-197A-44B4-A9CA-129EF47F1EFD}.Release|Any CPU.ActiveCfg = Release|Any CPU
		{ED618DB6-197A-44B4-A9CA-129EF47F1EFD}.Release|Any CPU.Build.0 = Release|Any CPU
		{0A3D3791-E7F7-43BB-A462-4457AD18E25B}.Debug|Any CPU.ActiveCfg = Debug|Any CPU
		{0A3D3791-E7F7-43BB-A462-4457AD18E25B}.Debug|Any CPU.Build.0 = Debug|Any CPU
		{0A3D3791-E7F7-43BB-A462-4457AD18E25B}.Release|Any CPU.ActiveCfg = Release|Any CPU
		{0A3D3791-E7F7-43BB-A462-4457AD18E25B}.Release|Any CPU.Build.0 = Release|Any CPU
		{751EC08E-C020-4665-B5F6-F8C32802078E}.Debug|Any CPU.ActiveCfg = Debug|Any CPU
		{751EC08E-C020-4665-B5F6-F8C32802078E}.Debug|Any CPU.Build.0 = Debug|Any CPU
		{751EC08E-C020-4665-B5F6-F8C32802078E}.Release|Any CPU.ActiveCfg = Release|Any CPU
		{751EC08E-C020-4665-B5F6-F8C32802078E}.Release|Any CPU.Build.0 = Release|Any CPU
		{11F855E9-250B-4E9E-8161-B12915EE679B}.Debug|Any CPU.ActiveCfg = Debug|Any CPU
		{11F855E9-250B-4E9E-8161-B12915EE679B}.Debug|Any CPU.Build.0 = Debug|Any CPU
		{11F855E9-250B-4E9E-8161-B12915EE679B}.Release|Any CPU.ActiveCfg = Release|Any CPU
		{11F855E9-250B-4E9E-8161-B12915EE679B}.Release|Any CPU.Build.0 = Release|Any CPU
		{5569D2A5-648B-4FBF-85E9-FFCAB114902D}.Debug|Any CPU.ActiveCfg = Debug|Any CPU
		{5569D2A5-648B-4FBF-85E9-FFCAB114902D}.Debug|Any CPU.Build.0 = Debug|Any CPU
		{5569D2A5-648B-4FBF-85E9-FFCAB114902D}.Release|Any CPU.ActiveCfg = Release|Any CPU
		{5569D2A5-648B-4FBF-85E9-FFCAB114902D}.Release|Any CPU.Build.0 = Release|Any CPU
		{7E598644-1DB3-4C74-85ED-16D720086C97}.Debug|Any CPU.ActiveCfg = Debug|Any CPU
		{7E598644-1DB3-4C74-85ED-16D720086C97}.Debug|Any CPU.Build.0 = Debug|Any CPU
		{7E598644-1DB3-4C74-85ED-16D720086C97}.Release|Any CPU.ActiveCfg = Release|Any CPU
		{7E598644-1DB3-4C74-85ED-16D720086C97}.Release|Any CPU.Build.0 = Release|Any CPU
		{AC9ACB7D-B52A-4FF6-B09D-BC0317A5050D}.Debug|Any CPU.ActiveCfg = Debug|Any CPU
		{AC9ACB7D-B52A-4FF6-B09D-BC0317A5050D}.Debug|Any CPU.Build.0 = Debug|Any CPU
		{AC9ACB7D-B52A-4FF6-B09D-BC0317A5050D}.Release|Any CPU.ActiveCfg = Release|Any CPU
		{AC9ACB7D-B52A-4FF6-B09D-BC0317A5050D}.Release|Any CPU.Build.0 = Release|Any CPU
		{6660A5CD-B7E9-4ECB-874D-145FD58860CD}.Debug|Any CPU.ActiveCfg = Debug|Any CPU
		{6660A5CD-B7E9-4ECB-874D-145FD58860CD}.Debug|Any CPU.Build.0 = Debug|Any CPU
		{6660A5CD-B7E9-4ECB-874D-145FD58860CD}.Release|Any CPU.ActiveCfg = Release|Any CPU
		{6660A5CD-B7E9-4ECB-874D-145FD58860CD}.Release|Any CPU.Build.0 = Release|Any CPU
		{42BA923F-3C6A-4A36-9E89-C5BAA9DE3021}.Debug|Any CPU.ActiveCfg = Debug|Any CPU
		{42BA923F-3C6A-4A36-9E89-C5BAA9DE3021}.Debug|Any CPU.Build.0 = Debug|Any CPU
		{42BA923F-3C6A-4A36-9E89-C5BAA9DE3021}.Release|Any CPU.ActiveCfg = Release|Any CPU
		{42BA923F-3C6A-4A36-9E89-C5BAA9DE3021}.Release|Any CPU.Build.0 = Release|Any CPU
		{F25A23AA-CEBD-493B-A4B9-FCEB4995E11E}.Debug|Any CPU.ActiveCfg = Debug|Any CPU
		{F25A23AA-CEBD-493B-A4B9-FCEB4995E11E}.Debug|Any CPU.Build.0 = Debug|Any CPU
		{F25A23AA-CEBD-493B-A4B9-FCEB4995E11E}.Release|Any CPU.ActiveCfg = Release|Any CPU
		{F25A23AA-CEBD-493B-A4B9-FCEB4995E11E}.Release|Any CPU.Build.0 = Release|Any CPU
		{971E22F6-8D24-4D05-A928-8B114E626F03}.Debug|Any CPU.ActiveCfg = Debug|Any CPU
		{971E22F6-8D24-4D05-A928-8B114E626F03}.Debug|Any CPU.Build.0 = Debug|Any CPU
		{971E22F6-8D24-4D05-A928-8B114E626F03}.Release|Any CPU.ActiveCfg = Release|Any CPU
		{971E22F6-8D24-4D05-A928-8B114E626F03}.Release|Any CPU.Build.0 = Release|Any CPU
		{A07BB90C-E3AD-4FBD-B26E-AF1BC736563D}.Debug|Any CPU.ActiveCfg = Debug|Any CPU
		{A07BB90C-E3AD-4FBD-B26E-AF1BC736563D}.Debug|Any CPU.Build.0 = Debug|Any CPU
		{A07BB90C-E3AD-4FBD-B26E-AF1BC736563D}.Release|Any CPU.ActiveCfg = Release|Any CPU
		{A07BB90C-E3AD-4FBD-B26E-AF1BC736563D}.Release|Any CPU.Build.0 = Release|Any CPU
		{64C164E6-7CC6-4F73-BB7B-68BC85824F7A}.Debug|Any CPU.ActiveCfg = Debug|Any CPU
		{64C164E6-7CC6-4F73-BB7B-68BC85824F7A}.Debug|Any CPU.Build.0 = Debug|Any CPU
		{64C164E6-7CC6-4F73-BB7B-68BC85824F7A}.Release|Any CPU.ActiveCfg = Release|Any CPU
		{64C164E6-7CC6-4F73-BB7B-68BC85824F7A}.Release|Any CPU.Build.0 = Release|Any CPU
		{2742999D-2F5F-41C6-B3D4-EA6C87FF2058}.Debug|Any CPU.ActiveCfg = Debug|Any CPU
		{2742999D-2F5F-41C6-B3D4-EA6C87FF2058}.Debug|Any CPU.Build.0 = Debug|Any CPU
		{2742999D-2F5F-41C6-B3D4-EA6C87FF2058}.Release|Any CPU.ActiveCfg = Release|Any CPU
		{2742999D-2F5F-41C6-B3D4-EA6C87FF2058}.Release|Any CPU.Build.0 = Release|Any CPU
		{25375561-DDB5-4406-9717-32E9C564FFD1}.Debug|Any CPU.ActiveCfg = Debug|Any CPU
		{25375561-DDB5-4406-9717-32E9C564FFD1}.Debug|Any CPU.Build.0 = Debug|Any CPU
		{25375561-DDB5-4406-9717-32E9C564FFD1}.Release|Any CPU.ActiveCfg = Release|Any CPU
		{25375561-DDB5-4406-9717-32E9C564FFD1}.Release|Any CPU.Build.0 = Release|Any CPU
		{B75B8B63-5122-4B9A-A2BB-797251B8A734}.Debug|Any CPU.ActiveCfg = Debug|Any CPU
		{B75B8B63-5122-4B9A-A2BB-797251B8A734}.Debug|Any CPU.Build.0 = Debug|Any CPU
		{B75B8B63-5122-4B9A-A2BB-797251B8A734}.Release|Any CPU.ActiveCfg = Release|Any CPU
		{B75B8B63-5122-4B9A-A2BB-797251B8A734}.Release|Any CPU.Build.0 = Release|Any CPU
		{C5B4C329-D974-4D40-B19A-81FE2D818AA5}.Debug|Any CPU.ActiveCfg = Debug|Any CPU
		{C5B4C329-D974-4D40-B19A-81FE2D818AA5}.Debug|Any CPU.Build.0 = Debug|Any CPU
		{C5B4C329-D974-4D40-B19A-81FE2D818AA5}.Release|Any CPU.ActiveCfg = Release|Any CPU
		{C5B4C329-D974-4D40-B19A-81FE2D818AA5}.Release|Any CPU.Build.0 = Release|Any CPU
		{5EDC26F5-6F0F-4FDA-A61D-26C66F7F93D7}.Debug|Any CPU.ActiveCfg = Debug|Any CPU
		{5EDC26F5-6F0F-4FDA-A61D-26C66F7F93D7}.Debug|Any CPU.Build.0 = Debug|Any CPU
		{5EDC26F5-6F0F-4FDA-A61D-26C66F7F93D7}.Release|Any CPU.ActiveCfg = Release|Any CPU
		{5EDC26F5-6F0F-4FDA-A61D-26C66F7F93D7}.Release|Any CPU.Build.0 = Release|Any CPU
		{AD498095-38D5-4744-A252-BD9E45F386A1}.Debug|Any CPU.ActiveCfg = Debug|Any CPU
		{AD498095-38D5-4744-A252-BD9E45F386A1}.Debug|Any CPU.Build.0 = Debug|Any CPU
		{AD498095-38D5-4744-A252-BD9E45F386A1}.Release|Any CPU.ActiveCfg = Release|Any CPU
		{AD498095-38D5-4744-A252-BD9E45F386A1}.Release|Any CPU.Build.0 = Release|Any CPU
		{3E96CA08-CE24-4FB4-8F96-B7F005CC1E7C}.Debug|Any CPU.ActiveCfg = Debug|Any CPU
		{3E96CA08-CE24-4FB4-8F96-B7F005CC1E7C}.Debug|Any CPU.Build.0 = Debug|Any CPU
		{3E96CA08-CE24-4FB4-8F96-B7F005CC1E7C}.Release|Any CPU.ActiveCfg = Release|Any CPU
		{3E96CA08-CE24-4FB4-8F96-B7F005CC1E7C}.Release|Any CPU.Build.0 = Release|Any CPU
		{70F3DD60-984C-4F59-86BE-AC1AFECC5554}.Debug|Any CPU.ActiveCfg = Debug|Any CPU
		{70F3DD60-984C-4F59-86BE-AC1AFECC5554}.Debug|Any CPU.Build.0 = Debug|Any CPU
		{70F3DD60-984C-4F59-86BE-AC1AFECC5554}.Release|Any CPU.ActiveCfg = Release|Any CPU
		{70F3DD60-984C-4F59-86BE-AC1AFECC5554}.Release|Any CPU.Build.0 = Release|Any CPU
		{F1E3EA2B-00E1-4AD9-9FD2-7D05BF37E8AF}.Debug|Any CPU.ActiveCfg = Debug|Any CPU
		{F1E3EA2B-00E1-4AD9-9FD2-7D05BF37E8AF}.Debug|Any CPU.Build.0 = Debug|Any CPU
		{F1E3EA2B-00E1-4AD9-9FD2-7D05BF37E8AF}.Release|Any CPU.ActiveCfg = Release|Any CPU
		{F1E3EA2B-00E1-4AD9-9FD2-7D05BF37E8AF}.Release|Any CPU.Build.0 = Release|Any CPU
	EndGlobalSection
	GlobalSection(SolutionProperties) = preSolution
		HideSolutionNode = FALSE
	EndGlobalSection
	GlobalSection(NestedProjects) = preSolution
		{5509F3EF-5A87-4E35-9802-6D725BFBC366} = {2E2E75AB-AFF6-4FDB-B8BB-E2E9901934CB}
		{FB24EDEF-5759-4B4C-BFC7-6D7B140F1767} = {2E2E75AB-AFF6-4FDB-B8BB-E2E9901934CB}
		{ED618DB6-197A-44B4-A9CA-129EF47F1EFD} = {2E2E75AB-AFF6-4FDB-B8BB-E2E9901934CB}
		{0A3D3791-E7F7-43BB-A462-4457AD18E25B} = {81D22507-B458-4383-BF58-ADB2DE27644B}
		{751EC08E-C020-4665-B5F6-F8C32802078E} = {40EC4EDE-5117-44AB-9826-341E282CDE5F}
		{11F855E9-250B-4E9E-8161-B12915EE679B} = {40EC4EDE-5117-44AB-9826-341E282CDE5F}
		{5569D2A5-648B-4FBF-85E9-FFCAB114902D} = {40EC4EDE-5117-44AB-9826-341E282CDE5F}
		{7E598644-1DB3-4C74-85ED-16D720086C97} = {747330DC-DF6D-4F24-B83E-495FB2A0C244}
		{AC9ACB7D-B52A-4FF6-B09D-BC0317A5050D} = {747330DC-DF6D-4F24-B83E-495FB2A0C244}
		{6660A5CD-B7E9-4ECB-874D-145FD58860CD} = {747330DC-DF6D-4F24-B83E-495FB2A0C244}
		{42BA923F-3C6A-4A36-9E89-C5BAA9DE3021} = {747330DC-DF6D-4F24-B83E-495FB2A0C244}
		{F25A23AA-CEBD-493B-A4B9-FCEB4995E11E} = {747330DC-DF6D-4F24-B83E-495FB2A0C244}
		{971E22F6-8D24-4D05-A928-8B114E626F03} = {747330DC-DF6D-4F24-B83E-495FB2A0C244}
		{A07BB90C-E3AD-4FBD-B26E-AF1BC736563D} = {A24D117C-5915-458F-B8AE-F787831741BD}
		{64C164E6-7CC6-4F73-BB7B-68BC85824F7A} = {A24D117C-5915-458F-B8AE-F787831741BD}
		{2742999D-2F5F-41C6-B3D4-EA6C87FF2058} = {A24D117C-5915-458F-B8AE-F787831741BD}
		{25375561-DDB5-4406-9717-32E9C564FFD1} = {A24D117C-5915-458F-B8AE-F787831741BD}
		{B75B8B63-5122-4B9A-A2BB-797251B8A734} = {A24D117C-5915-458F-B8AE-F787831741BD}
		{C5B4C329-D974-4D40-B19A-81FE2D818AA5} = {A24D117C-5915-458F-B8AE-F787831741BD}
		{5EDC26F5-6F0F-4FDA-A61D-26C66F7F93D7} = {A24D117C-5915-458F-B8AE-F787831741BD}
		{AD498095-38D5-4744-A252-BD9E45F386A1} = {A24D117C-5915-458F-B8AE-F787831741BD}
		{3E96CA08-CE24-4FB4-8F96-B7F005CC1E7C} = {F4B7D2CD-636B-42B0-B99E-89E5DB718248}
		{70F3DD60-984C-4F59-86BE-AC1AFECC5554} = {F4B7D2CD-636B-42B0-B99E-89E5DB718248}
		{F1E3EA2B-00E1-4AD9-9FD2-7D05BF37E8AF} = {F4B7D2CD-636B-42B0-B99E-89E5DB718248}
	EndGlobalSection
	GlobalSection(ExtensibilityGlobals) = postSolution
		SolutionGuid = {94980D3F-ACFA-4306-9351-570C73AF336F}
	EndGlobalSection
EndGlobal
